
Microsoft Visual Studio Solution File, Format Version 12.00
# Visual Studio Version 17
VisualStudioVersion = 17.3.32901.215
MinimumVisualStudioVersion = 10.0.40219.1
Project("{FAE04EC0-301F-11D3-BF4B-00C04F79EFBC}") = "SkillTree.ExcelProcessor", "SkillTree.ExcelProcessor\SkillTree.ExcelProcessor.csproj", "{DD96CFFF-E53F-4FDB-A1AA-71E1104C275D}"
EndProject
Project("{FAE04EC0-301F-11D3-BF4B-00C04F79EFBC}") = "SkillTree.Api", "SkillTree.Api\SkillTree.Api.csproj", "{2D2E9F8A-0D64-4105-B6FF-09387B34E407}"
EndProject
Global
	GlobalSection(SolutionConfigurationPlatforms) = preSolution
		Debug|Any CPU = Debug|Any CPU
		Release|Any CPU = Release|Any CPU
	EndGlobalSection
	GlobalSection(ProjectConfigurationPlatforms) = postSolution
		{DD96CFFF-E53F-4FDB-A1AA-71E1104C275D}.Debug|Any CPU.ActiveCfg = Debug|Any CPU
		{DD96CFFF-E53F-4FDB-A1AA-71E1104C275D}.Debug|Any CPU.Build.0 = Debug|Any CPU
		{DD96CFFF-E53F-4FDB-A1AA-71E1104C275D}.Release|Any CPU.ActiveCfg = Release|Any CPU
		{DD96CFFF-E53F-4FDB-A1AA-71E1104C275D}.Release|Any CPU.Build.0 = Release|Any CPU
		{2D2E9F8A-0D64-4105-B6FF-09387B34E407}.Debug|Any CPU.ActiveCfg = Debug|Any CPU
		{2D2E9F8A-0D64-4105-B6FF-09387B34E407}.Debug|Any CPU.Build.0 = Debug|Any CPU
		{2D2E9F8A-0D64-4105-B6FF-09387B34E407}.Release|Any CPU.ActiveCfg = Release|Any CPU
		{2D2E9F8A-0D64-4105-B6FF-09387B34E407}.Release|Any CPU.Build.0 = Release|Any CPU
	EndGlobalSection
	GlobalSection(SolutionProperties) = preSolution
		HideSolutionNode = FALSE
	EndGlobalSection
	GlobalSection(ExtensibilityGlobals) = postSolution
		SolutionGuid = {ACDDA458-01B7-4398-9259-AB4DEE06721C}
	EndGlobalSection
EndGlobal
